
Microsoft Visual Studio Solution File, Format Version 12.00
# Visual Studio Version 16
VisualStudioVersion = 16.0.29721.120
MinimumVisualStudioVersion = 10.0.40219.1
Project("{FAE04EC0-301F-11D3-BF4B-00C04F79EFBC}") = "Views", "Views\Views.csproj", "{F4F38301-C8C1-4575-BAB0-B6C7300F3C4F}"
EndProject
Global
	GlobalSection(SolutionConfigurationPlatforms) = preSolution
		Debug|Any CPU = Debug|Any CPU
		Release|Any CPU = Release|Any CPU
	EndGlobalSection
	GlobalSection(ProjectConfigurationPlatforms) = postSolution
		{F4F38301-C8C1-4575-BAB0-B6C7300F3C4F}.Debug|Any CPU.ActiveCfg = Debug|Any CPU
		{F4F38301-C8C1-4575-BAB0-B6C7300F3C4F}.Debug|Any CPU.Build.0 = Debug|Any CPU
		{F4F38301-C8C1-4575-BAB0-B6C7300F3C4F}.Release|Any CPU.ActiveCfg = Release|Any CPU
		{F4F38301-C8C1-4575-BAB0-B6C7300F3C4F}.Release|Any CPU.Build.0 = Release|Any CPU
	EndGlobalSection
	GlobalSection(SolutionProperties) = preSolution
		HideSolutionNode = FALSE
	EndGlobalSection
	GlobalSection(ExtensibilityGlobals) = postSolution
		SolutionGuid = {AC07D958-71DB-40D5-9409-14C5D5180333}
	EndGlobalSection
EndGlobal
